<?xml version="1.0" encoding="UTF-8" standalone="yes" ?>
<CodeBlocks_project_file>
	<FileVersion major="1" minor="6" />
	<Project>
		<Option title="SuperAwesomeGame" />
		<Option pch_mode="2" />
		<Option compiler="gcc" />
		<Build>
			<Target title="Debug">
				<Option output="bin\Debug\SuperAwesomeGame" prefix_auto="1" extension_auto="1" />
				<Option object_output="obj\Debug\" />
				<Option type="1" />
				<Option compiler="gcc" />
				<Compiler>
					<Add option="-g" />
				</Compiler>
				<Linker>
					<Add option="-lsfml-graphics" />
					<Add option="-lsfml-window" />
					<Add option="-lsfml-system" />
				</Linker>
			</Target>
			<Target title="Release">
				<Option output="bin\Release\SuperAwesomeGame" prefix_auto="1" extension_auto="1" />
				<Option object_output="obj\Release\" />
				<Option type="1" />
				<Option compiler="gcc" />
				<Compiler>
					<Add option="-O2" />
				</Compiler>
				<Linker>
					<Add option="-s" />
					<Add library="sfml-graphics" />
					<Add library="sfml-window" />
					<Add library="sfml-system" />
				</Linker>
			</Target>
		</Build>
		<Compiler>
			<Add option="-Wall" />
		</Compiler>
		<Unit filename="Definitions.hpp" />
		<Unit filename="Game.cpp" />
		<Unit filename="Game.hpp" />
		<Unit filename="ImageManager.cpp" />
		<Unit filename="ImageManager.hpp" />
		<Unit filename="Miscellaneous.cpp" />
		<Unit filename="Miscellaneous.hpp" />
		<Unit filename="TileClass.cpp" />
		<Unit filename="TileClass.hpp" />
		<Unit filename="TileRegister.cpp" />
		<Unit filename="TileRegister.hpp" />
		<Unit filename="Tilemap.cpp" />
		<Unit filename="Tilemap.hpp" />
		<Unit filename="Vector2D.hpp" />
		<Unit filename="main.cpp" />
		<Extensions>
			<code_completion />
			<debugger />
		</Extensions>
	</Project>
</CodeBlocks_project_file>
